
Microsoft Visual Studio Solution File, Format Version 12.00
# Visual Studio 15
VisualStudioVersion = 15.0.28307.572
MinimumVisualStudioVersion = 10.0.40219.1
Project("{9A19103F-16F7-4668-BE54-9A1E7A4F7556}") = "Dmp.Examples.GrundriskIntegration", "Dmp.Examples.GrundriskIntegration.csproj", "{E9F97E56-CF25-4252-9067-8F722CE9C374}"
EndProject
Global
	GlobalSection(SolutionConfigurationPlatforms) = preSolution
		Debug|Any CPU = Debug|Any CPU
		Release|Any CPU = Release|Any CPU
	EndGlobalSection
	GlobalSection(ProjectConfigurationPlatforms) = postSolution
		{E9F97E56-CF25-4252-9067-8F722CE9C374}.Debug|Any CPU.ActiveCfg = Debug|Any CPU
		{E9F97E56-CF25-4252-9067-8F722CE9C374}.Debug|Any CPU.Build.0 = Debug|Any CPU
		{E9F97E56-CF25-4252-9067-8F722CE9C374}.Release|Any CPU.ActiveCfg = Release|Any CPU
		{E9F97E56-CF25-4252-9067-8F722CE9C374}.Release|Any CPU.Build.0 = Release|Any CPU
	EndGlobalSection
	GlobalSection(SolutionProperties) = preSolution
		HideSolutionNode = FALSE
	EndGlobalSection
	GlobalSection(ExtensibilityGlobals) = postSolution
		SolutionGuid = {AD03E076-BCF8-4725-98FE-344BBC9B9D04}
	EndGlobalSection
EndGlobal
